
Microsoft Visual Studio Solution File, Format Version 12.00
# Visual Studio Version 17
VisualStudioVersion = 17.10.35122.118
MinimumVisualStudioVersion = 10.0.40219.1
Project("{FAE04EC0-301F-11D3-BF4B-00C04F79EFBC}") = "Classes and objects", "Classes and objects.csproj", "{F7602B04-CD4D-4C84-8F8C-9AAF7F473E29}"
EndProject
Global
	GlobalSection(SolutionConfigurationPlatforms) = preSolution
		Debug|Any CPU = Debug|Any CPU
		Release|Any CPU = Release|Any CPU
	EndGlobalSection
	GlobalSection(ProjectConfigurationPlatforms) = postSolution
		{F7602B04-CD4D-4C84-8F8C-9AAF7F473E29}.Debug|Any CPU.ActiveCfg = Debug|Any CPU
		{F7602B04-CD4D-4C84-8F8C-9AAF7F473E29}.Debug|Any CPU.Build.0 = Debug|Any CPU
		{F7602B04-CD4D-4C84-8F8C-9AAF7F473E29}.Release|Any CPU.ActiveCfg = Release|Any CPU
		{F7602B04-CD4D-4C84-8F8C-9AAF7F473E29}.Release|Any CPU.Build.0 = Release|Any CPU
	EndGlobalSection
	GlobalSection(SolutionProperties) = preSolution
		HideSolutionNode = FALSE
	EndGlobalSection
	GlobalSection(ExtensibilityGlobals) = postSolution
		SolutionGuid = {0573AD84-A31B-4BE9-9953-D1A6EE35F241}
	EndGlobalSection
EndGlobal
