
Microsoft Visual Studio Solution File, Format Version 12.00
# Visual Studio Version 17
VisualStudioVersion = 17.11.35312.102
MinimumVisualStudioVersion = 10.0.40219.1
Project("{FAE04EC0-301F-11D3-BF4B-00C04F79EFBC}") = "Plan Petting Zoo Visit", "Plan Petting Zoo Visit.csproj", "{BAEAD449-57C0-419D-9F0A-B57CF637171F}"
EndProject
Global
	GlobalSection(SolutionConfigurationPlatforms) = preSolution
		Debug|Any CPU = Debug|Any CPU
		Release|Any CPU = Release|Any CPU
	EndGlobalSection
	GlobalSection(ProjectConfigurationPlatforms) = postSolution
		{BAEAD449-57C0-419D-9F0A-B57CF637171F}.Debug|Any CPU.ActiveCfg = Debug|Any CPU
		{BAEAD449-57C0-419D-9F0A-B57CF637171F}.Debug|Any CPU.Build.0 = Debug|Any CPU
		{BAEAD449-57C0-419D-9F0A-B57CF637171F}.Release|Any CPU.ActiveCfg = Release|Any CPU
		{BAEAD449-57C0-419D-9F0A-B57CF637171F}.Release|Any CPU.Build.0 = Release|Any CPU
	EndGlobalSection
	GlobalSection(SolutionProperties) = preSolution
		HideSolutionNode = FALSE
	EndGlobalSection
	GlobalSection(ExtensibilityGlobals) = postSolution
		SolutionGuid = {1576E590-5A57-4EC9-ACCC-EEF04EB5CE7E}
	EndGlobalSection
EndGlobal
