
Microsoft Visual Studio Solution File, Format Version 12.00
# Visual Studio Version 17
VisualStudioVersion = 17.10.35201.131
MinimumVisualStudioVersion = 10.0.40219.1
Project("{FAE04EC0-301F-11D3-BF4B-00C04F79EFBC}") = "3Dice_Role_Game", "3Dice_Role_Game.csproj", "{E9B5B950-546A-4F24-B7CE-FE1B87287217}"
EndProject
Global
	GlobalSection(SolutionConfigurationPlatforms) = preSolution
		Debug|Any CPU = Debug|Any CPU
		Release|Any CPU = Release|Any CPU
	EndGlobalSection
	GlobalSection(ProjectConfigurationPlatforms) = postSolution
		{E9B5B950-546A-4F24-B7CE-FE1B87287217}.Debug|Any CPU.ActiveCfg = Debug|Any CPU
		{E9B5B950-546A-4F24-B7CE-FE1B87287217}.Debug|Any CPU.Build.0 = Debug|Any CPU
		{E9B5B950-546A-4F24-B7CE-FE1B87287217}.Release|Any CPU.ActiveCfg = Release|Any CPU
		{E9B5B950-546A-4F24-B7CE-FE1B87287217}.Release|Any CPU.Build.0 = Release|Any CPU
	EndGlobalSection
	GlobalSection(SolutionProperties) = preSolution
		HideSolutionNode = FALSE
	EndGlobalSection
	GlobalSection(ExtensibilityGlobals) = postSolution
		SolutionGuid = {6173DCE3-6A32-4C69-AB3D-1F462BFDA7ED}
	EndGlobalSection
EndGlobal
