
Microsoft Visual Studio Solution File, Format Version 12.00
# Visual Studio Version 17
VisualStudioVersion = 17.10.35122.118
MinimumVisualStudioVersion = 10.0.40219.1
Project("{FAE04EC0-301F-11D3-BF4B-00C04F79EFBC}") = "IfStatementPractice", "IfStatementPractice.csproj", "{CF2F3346-4E79-4128-8650-54F9F4C7D33F}"
EndProject
Global
	GlobalSection(SolutionConfigurationPlatforms) = preSolution
		Debug|Any CPU = Debug|Any CPU
		Release|Any CPU = Release|Any CPU
	EndGlobalSection
	GlobalSection(ProjectConfigurationPlatforms) = postSolution
		{CF2F3346-4E79-4128-8650-54F9F4C7D33F}.Debug|Any CPU.ActiveCfg = Debug|Any CPU
		{CF2F3346-4E79-4128-8650-54F9F4C7D33F}.Debug|Any CPU.Build.0 = Debug|Any CPU
		{CF2F3346-4E79-4128-8650-54F9F4C7D33F}.Release|Any CPU.ActiveCfg = Release|Any CPU
		{CF2F3346-4E79-4128-8650-54F9F4C7D33F}.Release|Any CPU.Build.0 = Release|Any CPU
	EndGlobalSection
	GlobalSection(SolutionProperties) = preSolution
		HideSolutionNode = FALSE
	EndGlobalSection
	GlobalSection(ExtensibilityGlobals) = postSolution
		SolutionGuid = {AE3D7C5A-8446-42EB-82DB-5B60199933EF}
	EndGlobalSection
EndGlobal
