
Microsoft Visual Studio Solution File, Format Version 12.00
# Visual Studio Version 17
VisualStudioVersion = 17.11.35303.130
MinimumVisualStudioVersion = 10.0.40219.1
Project("{FAE04EC0-301F-11D3-BF4B-00C04F79EFBC}") = "FizzBuzz Challenge", "FizzBuzz Challenge.csproj", "{D3D563CC-B192-43D3-9FDE-80148D85236B}"
EndProject
Global
	GlobalSection(SolutionConfigurationPlatforms) = preSolution
		Debug|Any CPU = Debug|Any CPU
		Release|Any CPU = Release|Any CPU
	EndGlobalSection
	GlobalSection(ProjectConfigurationPlatforms) = postSolution
		{D3D563CC-B192-43D3-9FDE-80148D85236B}.Debug|Any CPU.ActiveCfg = Debug|Any CPU
		{D3D563CC-B192-43D3-9FDE-80148D85236B}.Debug|Any CPU.Build.0 = Debug|Any CPU
		{D3D563CC-B192-43D3-9FDE-80148D85236B}.Release|Any CPU.ActiveCfg = Release|Any CPU
		{D3D563CC-B192-43D3-9FDE-80148D85236B}.Release|Any CPU.Build.0 = Release|Any CPU
	EndGlobalSection
	GlobalSection(SolutionProperties) = preSolution
		HideSolutionNode = FALSE
	EndGlobalSection
	GlobalSection(ExtensibilityGlobals) = postSolution
		SolutionGuid = {6E376C76-6FF0-4418-A460-80C5E2BE43F7}
	EndGlobalSection
EndGlobal
