
Microsoft Visual Studio Solution File, Format Version 12.00
# Visual Studio Version 17
VisualStudioVersion = 17.11.35303.130
MinimumVisualStudioVersion = 10.0.40219.1
Project("{FAE04EC0-301F-11D3-BF4B-00C04F79EFBC}") = "Switch statements challenge", "Switch statements challenge.csproj", "{BD60DD0C-57D1-4ABD-ABC7-73CDBCDD7585}"
EndProject
Global
	GlobalSection(SolutionConfigurationPlatforms) = preSolution
		Debug|Any CPU = Debug|Any CPU
		Release|Any CPU = Release|Any CPU
	EndGlobalSection
	GlobalSection(ProjectConfigurationPlatforms) = postSolution
		{BD60DD0C-57D1-4ABD-ABC7-73CDBCDD7585}.Debug|Any CPU.ActiveCfg = Debug|Any CPU
		{BD60DD0C-57D1-4ABD-ABC7-73CDBCDD7585}.Debug|Any CPU.Build.0 = Debug|Any CPU
		{BD60DD0C-57D1-4ABD-ABC7-73CDBCDD7585}.Release|Any CPU.ActiveCfg = Release|Any CPU
		{BD60DD0C-57D1-4ABD-ABC7-73CDBCDD7585}.Release|Any CPU.Build.0 = Release|Any CPU
	EndGlobalSection
	GlobalSection(SolutionProperties) = preSolution
		HideSolutionNode = FALSE
	EndGlobalSection
	GlobalSection(ExtensibilityGlobals) = postSolution
		SolutionGuid = {819E1F30-4986-4DE1-830B-274A7D559A41}
	EndGlobalSection
EndGlobal
