
Microsoft Visual Studio Solution File, Format Version 12.00
# Visual Studio Version 17
VisualStudioVersion = 17.11.35312.102
MinimumVisualStudioVersion = 10.0.40219.1
Project("{FAE04EC0-301F-11D3-BF4B-00C04F79EFBC}") = "Mini Game", "Mini Game.csproj", "{EB9C2D8C-CA78-4B1F-AABA-48658614B985}"
EndProject
Global
	GlobalSection(SolutionConfigurationPlatforms) = preSolution
		Debug|Any CPU = Debug|Any CPU
		Release|Any CPU = Release|Any CPU
	EndGlobalSection
	GlobalSection(ProjectConfigurationPlatforms) = postSolution
		{EB9C2D8C-CA78-4B1F-AABA-48658614B985}.Debug|Any CPU.ActiveCfg = Debug|Any CPU
		{EB9C2D8C-CA78-4B1F-AABA-48658614B985}.Debug|Any CPU.Build.0 = Debug|Any CPU
		{EB9C2D8C-CA78-4B1F-AABA-48658614B985}.Release|Any CPU.ActiveCfg = Release|Any CPU
		{EB9C2D8C-CA78-4B1F-AABA-48658614B985}.Release|Any CPU.Build.0 = Release|Any CPU
	EndGlobalSection
	GlobalSection(SolutionProperties) = preSolution
		HideSolutionNode = FALSE
	EndGlobalSection
	GlobalSection(ExtensibilityGlobals) = postSolution
		SolutionGuid = {D7D80CCE-F3DF-4212-BD10-4885D95982D1}
	EndGlobalSection
EndGlobal
