
Microsoft Visual Studio Solution File, Format Version 12.00
# Visual Studio Version 17
VisualStudioVersion = 17.10.35027.167
MinimumVisualStudioVersion = 10.0.40219.1
Project("{FAE04EC0-301F-11D3-BF4B-00C04F79EFBC}") = "GPA_Calculator_App", "GPA_Calculator_App.csproj", "{C539D0CA-EE73-4CDA-8779-E05CC68ED708}"
EndProject
Global
	GlobalSection(SolutionConfigurationPlatforms) = preSolution
		Debug|Any CPU = Debug|Any CPU
		Release|Any CPU = Release|Any CPU
	EndGlobalSection
	GlobalSection(ProjectConfigurationPlatforms) = postSolution
		{C539D0CA-EE73-4CDA-8779-E05CC68ED708}.Debug|Any CPU.ActiveCfg = Debug|Any CPU
		{C539D0CA-EE73-4CDA-8779-E05CC68ED708}.Debug|Any CPU.Build.0 = Debug|Any CPU
		{C539D0CA-EE73-4CDA-8779-E05CC68ED708}.Release|Any CPU.ActiveCfg = Release|Any CPU
		{C539D0CA-EE73-4CDA-8779-E05CC68ED708}.Release|Any CPU.Build.0 = Release|Any CPU
	EndGlobalSection
	GlobalSection(SolutionProperties) = preSolution
		HideSolutionNode = FALSE
	EndGlobalSection
	GlobalSection(ExtensibilityGlobals) = postSolution
		SolutionGuid = {B801BA53-2796-4EE1-9E7A-98A7F47A91F2}
	EndGlobalSection
EndGlobal
