
Microsoft Visual Studio Solution File, Format Version 12.00
# Visual Studio Version 17
VisualStudioVersion = 17.11.35303.130
MinimumVisualStudioVersion = 10.0.40219.1
Project("{FAE04EC0-301F-11D3-BF4B-00C04F79EFBC}") = "CodeBlocks and Variable scope", "CodeBlocks and Variable scope.csproj", "{632288C0-C8BB-43BD-9582-F67114922E62}"
EndProject
Global
	GlobalSection(SolutionConfigurationPlatforms) = preSolution
		Debug|Any CPU = Debug|Any CPU
		Release|Any CPU = Release|Any CPU
	EndGlobalSection
	GlobalSection(ProjectConfigurationPlatforms) = postSolution
		{632288C0-C8BB-43BD-9582-F67114922E62}.Debug|Any CPU.ActiveCfg = Debug|Any CPU
		{632288C0-C8BB-43BD-9582-F67114922E62}.Debug|Any CPU.Build.0 = Debug|Any CPU
		{632288C0-C8BB-43BD-9582-F67114922E62}.Release|Any CPU.ActiveCfg = Release|Any CPU
		{632288C0-C8BB-43BD-9582-F67114922E62}.Release|Any CPU.Build.0 = Release|Any CPU
	EndGlobalSection
	GlobalSection(SolutionProperties) = preSolution
		HideSolutionNode = FALSE
	EndGlobalSection
	GlobalSection(ExtensibilityGlobals) = postSolution
		SolutionGuid = {F0372E93-7E53-4454-99D9-462999EDBC89}
	EndGlobalSection
EndGlobal
