
Microsoft Visual Studio Solution File, Format Version 12.00
# Visual Studio Version 17
VisualStudioVersion = 17.11.35312.102
MinimumVisualStudioVersion = 10.0.40219.1
Project("{FAE04EC0-301F-11D3-BF4B-00C04F79EFBC}") = "Check ipv4 addresses", "Check ipv4 addresses.csproj", "{20B0F128-662B-4188-8694-7F49EC405FEF}"
EndProject
Global
	GlobalSection(SolutionConfigurationPlatforms) = preSolution
		Debug|Any CPU = Debug|Any CPU
		Release|Any CPU = Release|Any CPU
	EndGlobalSection
	GlobalSection(ProjectConfigurationPlatforms) = postSolution
		{20B0F128-662B-4188-8694-7F49EC405FEF}.Debug|Any CPU.ActiveCfg = Debug|Any CPU
		{20B0F128-662B-4188-8694-7F49EC405FEF}.Debug|Any CPU.Build.0 = Debug|Any CPU
		{20B0F128-662B-4188-8694-7F49EC405FEF}.Release|Any CPU.ActiveCfg = Release|Any CPU
		{20B0F128-662B-4188-8694-7F49EC405FEF}.Release|Any CPU.Build.0 = Release|Any CPU
	EndGlobalSection
	GlobalSection(SolutionProperties) = preSolution
		HideSolutionNode = FALSE
	EndGlobalSection
	GlobalSection(ExtensibilityGlobals) = postSolution
		SolutionGuid = {8F04B18F-253C-425E-AB79-54BFB4ED69C5}
	EndGlobalSection
EndGlobal
